// !$*UTF8*$!
{
	archiveVersion = 1;
	classes = {
	};
	objectVersion = 46;
	objects = {

/* Begin PBXBuildFile section */
		4AB83823178DB45B002A6195 /* UIKit.framework in Frameworks */ = {isa = PBXBuildFile; fileRef = 4AB83822178DB45B002A6195 /* UIKit.framework */; };
		4AB83825178DB45B002A6195 /* Foundation.framework in Frameworks */ = {isa = PBXBuildFile; fileRef = 4AB83824178DB45B002A6195 /* Foundation.framework */; };
		4AB83827178DB45B002A6195 /* CoreGraphics.framework in Frameworks */ = {isa = PBXBuildFile; fileRef = 4AB83826178DB45B002A6195 /* CoreGraphics.framework */; };
		4AB8382D178DB45B002A6195 /* InfoPlist.strings in Resources */ = {isa = PBXBuildFile; fileRef = 4AB8382B178DB45B002A6195 /* InfoPlist.strings */; };
		4AB8382F178DB45B002A6195 /* main.m in Sources */ = {isa = PBXBuildFile; fileRef = 4AB8382E178DB45B002A6195 /* main.m */; };
		4AB83833178DB45B002A6195 /* AppDelegate.m in Sources */ = {isa = PBXBuildFile; fileRef = 4AB83832178DB45B002A6195 /* AppDelegate.m */; };
		4AB83835178DB45B002A6195 /* Default.png in Resources */ = {isa = PBXBuildFile; fileRef = 4AB83834178DB45B002A6195 /* Default.png */; };
		4AB83837178DB45B002A6195 /* Default@2x.png in Resources */ = {isa = PBXBuildFile; fileRef = 4AB83836178DB45B002A6195 /* Default@2x.png */; };
		4AB83839178DB45B002A6195 /* Default-568h@2x.png in Resources */ = {isa = PBXBuildFile; fileRef = 4AB83838178DB45B002A6195 /* Default-568h@2x.png */; };
		4AB8383C178DB45B002A6195 /* ViewController.m in Sources */ = {isa = PBXBuildFile; fileRef = 4AB8383B178DB45B002A6195 /* ViewController.m */; };
		4AB8383F178DB45B002A6195 /* ViewController.xib in Resources */ = {isa = PBXBuildFile; fileRef = 4AB8383D178DB45B002A6195 /* ViewController.xib */; };
		4AB83848178DC6C1002A6195 /* SecondViewController.m in Sources */ = {isa = PBXBuildFile; fileRef = 4AB83846178DC6C1002A6195 /* SecondViewController.m */; };
		4AB83849178DC6C1002A6195 /* SecondViewController.xib in Resources */ = {isa = PBXBuildFile; fileRef = 4AB83847178DC6C1002A6195 /* SecondViewController.xib */; };
/* End PBXBuildFile section */

/* Begin PBXFileReference section */
		4AB8381F178DB45B002A6195 /* IBFun.app */ = {isa = PBXFileReference; explicitFileType = wrapper.application; includeInIndex = 0; path = IBFun.app; sourceTree = BUILT_PRODUCTS_DIR; };
		4AB83822178DB45B002A6195 /* UIKit.framework */ = {isa = PBXFileReference; lastKnownFileType = wrapper.framework; name = UIKit.framework; path = System/Library/Frameworks/UIKit.framework; sourceTree = SDKROOT; };
		4AB83824178DB45B002A6195 /* Foundation.framework */ = {isa = PBXFileReference; lastKnownFileType = wrapper.framework; name = Foundation.framework; path = System/Library/Frameworks/Foundation.framework; sourceTree = SDKROOT; };
		4AB83826178DB45B002A6195 /* CoreGraphics.framework */ = {isa = PBXFileReference; lastKnownFileType = wrapper.framework; name = CoreGraphics.framework; path = System/Library/Frameworks/CoreGraphics.framework; sourceTree = SDKROOT; };
		4AB8382A178DB45B002A6195 /* IBFun-Info.plist */ = {isa = PBXFileReference; lastKnownFileType = text.plist.xml; path = "IBFun-Info.plist"; sourceTree = "<group>"; };
		4AB8382C178DB45B002A6195 /* en */ = {isa = PBXFileReference; lastKnownFileType = text.plist.strings; name = en; path = en.lproj/InfoPlist.strings; sourceTree = "<group>"; };
		4AB8382E178DB45B002A6195 /* main.m */ = {isa = PBXFileReference; lastKnownFileType = sourcecode.c.objc; path = main.m; sourceTree = "<group>"; };
		4AB83830178DB45B002A6195 /* IBFun-Prefix.pch */ = {isa = PBXFileReference; lastKnownFileType = sourcecode.c.h; path = "IBFun-Prefix.pch"; sourceTree = "<group>"; };
		4AB83831178DB45B002A6195 /* AppDelegate.h */ = {isa = PBXFileReference; lastKnownFileType = sourcecode.c.h; path = AppDelegate.h; sourceTree = "<group>"; };
		4AB83832178DB45B002A6195 /* AppDelegate.m */ = {isa = PBXFileReference; lastKnownFileType = sourcecode.c.objc; path = AppDelegate.m; sourceTree = "<group>"; };
		4AB83834178DB45B002A6195 /* Default.png */ = {isa = PBXFileReference; lastKnownFileType = image.png; path = Default.png; sourceTree = "<group>"; };
		4AB83836178DB45B002A6195 /* Default@2x.png */ = {isa = PBXFileReference; lastKnownFileType = image.png; path = "Default@2x.png"; sourceTree = "<group>"; };
		4AB83838178DB45B002A6195 /* Default-568h@2x.png */ = {isa = PBXFileReference; lastKnownFileType = image.png; path = "Default-568h@2x.png"; sourceTree = "<group>"; };
		4AB8383A178DB45B002A6195 /* ViewController.h */ = {isa = PBXFileReference; lastKnownFileType = sourcecode.c.h; path = ViewController.h; sourceTree = "<group>"; };
		4AB8383B178DB45B002A6195 /* ViewController.m */ = {isa = PBXFileReference; lastKnownFileType = sourcecode.c.objc; path = ViewController.m; sourceTree = "<group>"; };
		4AB8383E178DB45B002A6195 /* en */ = {isa = PBXFileReference; lastKnownFileType = file.xib; name = en; path = en.lproj/ViewController.xib; sourceTree = "<group>"; };
		4AB83845178DC6C1002A6195 /* SecondViewController.h */ = {isa = PBXFileReference; fileEncoding = 4; lastKnownFileType = sourcecode.c.h; path = SecondViewController.h; sourceTree = "<group>"; };
		4AB83846178DC6C1002A6195 /* SecondViewController.m */ = {isa = PBXFileReference; fileEncoding = 4; lastKnownFileType = sourcecode.c.objc; path = SecondViewController.m; sourceTree = "<group>"; };
		4AB83847178DC6C1002A6195 /* SecondViewController.xib */ = {isa = PBXFileReference; fileEncoding = 4; lastKnownFileType = file.xib; path = SecondViewController.xib; sourceTree = "<group>"; };
/* End PBXFileReference section */

/* Begin PBXFrameworksBuildPhase section */
		4AB8381C178DB45B002A6195 /* Frameworks */ = {
			isa = PBXFrameworksBuildPhase;
			buildActionMask = 2147483647;
			files = (
				4AB83823178DB45B002A6195 /* UIKit.framework in Frameworks */,
				4AB83825178DB45B002A6195 /* Foundation.framework in Frameworks */,
				4AB83827178DB45B002A6195 /* CoreGraphics.framework in Frameworks */,
			);
			runOnlyForDeploymentPostprocessing = 0;
		};
/* End PBXFrameworksBuildPhase section */

/* Begin PBXGroup section */
		4AB83816178DB45B002A6195 = {
			isa = PBXGroup;
			children = (
				4AB83828178DB45B002A6195 /* IBFun */,
				4AB83821178DB45B002A6195 /* Frameworks */,
				4AB83820178DB45B002A6195 /* Products */,
			);
			sourceTree = "<group>";
		};
		4AB83820178DB45B002A6195 /* Products */ = {
			isa = PBXGroup;
			children = (
				4AB8381F178DB45B002A6195 /* IBFun.app */,
			);
			name = Products;
			sourceTree = "<group>";
		};
		4AB83821178DB45B002A6195 /* Frameworks */ = {
			isa = PBXGroup;
			children = (
				4AB83822178DB45B002A6195 /* UIKit.framework */,
				4AB83824178DB45B002A6195 /* Foundation.framework */,
				4AB83826178DB45B002A6195 /* CoreGraphics.framework */,
			);
			name = Frameworks;
			sourceTree = "<group>";
		};
		4AB83828178DB45B002A6195 /* IBFun */ = {
			isa = PBXGroup;
			children = (
				4AB83831178DB45B002A6195 /* AppDelegate.h */,
				4AB83832178DB45B002A6195 /* AppDelegate.m */,
				4AB8383A178DB45B002A6195 /* ViewController.h */,
				4AB8383B178DB45B002A6195 /* ViewController.m */,
				4AB8383D178DB45B002A6195 /* ViewController.xib */,
				4AB83845178DC6C1002A6195 /* SecondViewController.h */,
				4AB83846178DC6C1002A6195 /* SecondViewController.m */,
				4AB83847178DC6C1002A6195 /* SecondViewController.xib */,
				4AB83829178DB45B002A6195 /* Supporting Files */,
			);
			path = IBFun;
			sourceTree = "<group>";
		};
		4AB83829178DB45B002A6195 /* Supporting Files */ = {
			isa = PBXGroup;
			children = (
				4AB8382A178DB45B002A6195 /* IBFun-Info.plist */,
				4AB8382B178DB45B002A6195 /* InfoPlist.strings */,
				4AB8382E178DB45B002A6195 /* main.m */,
				4AB83830178DB45B002A6195 /* IBFun-Prefix.pch */,
				4AB83834178DB45B002A6195 /* Default.png */,
				4AB83836178DB45B002A6195 /* Default@2x.png */,
				4AB83838178DB45B002A6195 /* Default-568h@2x.png */,
			);
			name = "Supporting Files";
			sourceTree = "<group>";
		};
/* End PBXGroup section */

/* Begin PBXNativeTarget section */
		4AB8381E178DB45B002A6195 /* IBFun */ = {
			isa = PBXNativeTarget;
			buildConfigurationList = 4AB83842178DB45B002A6195 /* Build configuration list for PBXNativeTarget "IBFun" */;
			buildPhases = (
				4AB8381B178DB45B002A6195 /* Sources */,
				4AB8381C178DB45B002A6195 /* Frameworks */,
				4AB8381D178DB45B002A6195 /* Resources */,
			);
			buildRules = (
			);
			dependencies = (
			);
			name = IBFun;
			productName = IBFun;
			productReference = 4AB8381F178DB45B002A6195 /* IBFun.app */;
			productType = "com.apple.product-type.application";
		};
/* End PBXNativeTarget section */

/* Begin PBXProject section */
		4AB83817178DB45B002A6195 /* Project object */ = {
			isa = PBXProject;
			attributes = {
				LastUpgradeCheck = 0460;
				ORGANIZATIONNAME = "Brad Woodard";
			};
			buildConfigurationList = 4AB8381A178DB45B002A6195 /* Build configuration list for PBXProject "IBFun" */;
			compatibilityVersion = "Xcode 3.2";
			developmentRegion = English;
			hasScannedForEncodings = 0;
			knownRegions = (
				en,
			);
			mainGroup = 4AB83816178DB45B002A6195;
			productRefGroup = 4AB83820178DB45B002A6195 /* Products */;
			projectDirPath = "";
			projectRoot = "";
			targets = (
				4AB8381E178DB45B002A6195 /* IBFun */,
			);
		};
/* End PBXProject section */

/* Begin PBXResourcesBuildPhase section */
		4AB8381D178DB45B002A6195 /* Resources */ = {
			isa = PBXResourcesBuildPhase;
			buildActionMask = 2147483647;
			files = (
				4AB8382D178DB45B002A6195 /* InfoPlist.strings in Resources */,
				4AB83835178DB45B002A6195 /* Default.png in Resources */,
				4AB83837178DB45B002A6195 /* Default@2x.png in Resources */,
				4AB83839178DB45B002A6195 /* Default-568h@2x.png in Resources */,
				4AB8383F178DB45B002A6195 /* ViewController.xib in Resources */,
				4AB83849178DC6C1002A6195 /* SecondViewController.xib in Resources */,
			);
			runOnlyForDeploymentPostprocessing = 0;
		};
/* End PBXResourcesBuildPhase section */

/* Begin PBXSourcesBuildPhase section */
		4AB8381B178DB45B002A6195 /* Sources */ = {
			isa = PBXSourcesBuildPhase;
			buildActionMask = 2147483647;
			files = (
				4AB8382F178DB45B002A6195 /* main.m in Sources */,
				4AB83833178DB45B002A6195 /* AppDelegate.m in Sources */,
				4AB8383C178DB45B002A6195 /* ViewController.m in Sources */,
				4AB83848178DC6C1002A6195 /* SecondViewController.m in Sources */,
			);
			runOnlyForDeploymentPostprocessing = 0;
		};
/* End PBXSourcesBuildPhase section */

/* Begin PBXVariantGroup section */
		4AB8382B178DB45B002A6195 /* InfoPlist.strings */ = {
			isa = PBXVariantGroup;
			children = (
				4AB8382C178DB45B002A6195 /* en */,
			);
			name = InfoPlist.strings;
			sourceTree = "<group>";
		};
		4AB8383D178DB45B002A6195 /* ViewController.xib */ = {
			isa = PBXVariantGroup;
			children = (
				4AB8383E178DB45B002A6195 /* en */,
			);
			name = ViewController.xib;
			sourceTree = "<group>";
		};
/* End PBXVariantGroup section */

/* Begin XCBuildConfiguration section */
		4AB83840178DB45B002A6195 /* Debug */ = {
			isa = XCBuildConfiguration;
			buildSettings = {
				ALWAYS_SEARCH_USER_PATHS = NO;
				CLANG_CXX_LANGUAGE_STANDARD = "gnu++0x";
				CLANG_CXX_LIBRARY = "libc++";
				CLANG_ENABLE_OBJC_ARC = YES;
				CLANG_WARN_CONSTANT_CONVERSION = YES;
				CLANG_WARN_EMPTY_BODY = YES;
				CLANG_WARN_ENUM_CONVERSION = YES;
				CLANG_WARN_INT_CONVERSION = YES;
				CLANG_WARN__DUPLICATE_METHOD_MATCH = YES;
				"CODE_SIGN_IDENTITY[sdk=iphoneos*]" = "iPhone Developer";
				COPY_PHASE_STRIP = NO;
				GCC_C_LANGUAGE_STANDARD = gnu99;
				GCC_DYNAMIC_NO_PIC = NO;
				GCC_OPTIMIZATION_LEVEL = 0;
				GCC_PREPROCESSOR_DEFINITIONS = (
					"DEBUG=1",
					"$(inherited)",
				);
				GCC_SYMBOLS_PRIVATE_EXTERN = NO;
				GCC_WARN_ABOUT_RETURN_TYPE = YES;
				GCC_WARN_UNINITIALIZED_AUTOS = YES;
				GCC_WARN_UNUSED_VARIABLE = YES;
				IPHONEOS_DEPLOYMENT_TARGET = 6.1;
				ONLY_ACTIVE_ARCH = YES;
				SDKROOT = iphoneos;
			};
			name = Debug;
		};
		4AB83841178DB45B002A6195 /* Release */ = {
			isa = XCBuildConfiguration;
			buildSettings = {
				ALWAYS_SEARCH_USER_PATHS = NO;
				CLANG_CXX_LANGUAGE_STANDARD = "gnu++0x";
				CLANG_CXX_LIBRARY = "libc++";
				CLANG_ENABLE_OBJC_ARC = YES;
				CLANG_WARN_CONSTANT_CONVERSION = YES;
				CLANG_WARN_EMPTY_BODY = YES;
				CLANG_WARN_ENUM_CONVERSION = YES;
				CLANG_WARN_INT_CONVERSION = YES;
				CLANG_WARN__DUPLICATE_METHOD_MATCH = YES;
				"CODE_SIGN_IDENTITY[sdk=iphoneos*]" = "iPhone Developer";
				COPY_PHASE_STRIP = YES;
				GCC_C_LANGUAGE_STANDARD = gnu99;
				GCC_WARN_ABOUT_RETURN_TYPE = YES;
				GCC_WARN_UNINITIALIZED_AUTOS = YES;
				GCC_WARN_UNUSED_VARIABLE = YES;
				IPHONEOS_DEPLOYMENT_TARGET = 6.1;
				OTHER_CFLAGS = "-DNS_BLOCK_ASSERTIONS=1";
				SDKROOT = iphoneos;
				VALIDATE_PRODUCT = YES;
			};
			name = Release;
		};
		4AB83843178DB45B002A6195 /* Debug */ = {
			isa = XCBuildConfiguration;
			buildSettings = {
				GCC_PRECOMPILE_PREFIX_HEADER = YES;
				GCC_PREFIX_HEADER = "IBFun/IBFun-Prefix.pch";
				INFOPLIST_FILE = "IBFun/IBFun-Info.plist";
				PRODUCT_NAME = "$(TARGET_NAME)";
				WRAPPER_EXTENSION = app;
			};
			name = Debug;
		};
		4AB83844178DB45B002A6195 /* Release */ = {
			isa = XCBuildConfiguration;
			buildSettings = {
				GCC_PRECOMPILE_PREFIX_HEADER = YES;
				GCC_PREFIX_HEADER = "IBFun/IBFun-Prefix.pch";
				INFOPLIST_FILE = "IBFun/IBFun-Info.plist";
				PRODUCT_NAME = "$(TARGET_NAME)";
				WRAPPER_EXTENSION = app;
			};
			name = Release;
		};
/* End XCBuildConfiguration section */

/* Begin XCConfigurationList section */
		4AB8381A178DB45B002A6195 /* Build configuration list for PBXProject "IBFun" */ = {
			isa = XCConfigurationList;
			buildConfigurations = (
				4AB83840178DB45B002A6195 /* Debug */,
				4AB83841178DB45B002A6195 /* Release */,
			);
			defaultConfigurationIsVisible = 0;
			defaultConfigurationName = Release;
		};
		4AB83842178DB45B002A6195 /* Build configuration list for PBXNativeTarget "IBFun" */ = {
			isa = XCConfigurationList;
			buildConfigurations = (
				4AB83843178DB45B002A6195 /* Debug */,
				4AB83844178DB45B002A6195 /* Release */,
			);
			defaultConfigurationIsVisible = 0;
		};
/* End XCConfigurationList section */
	};
	rootObject = 4AB83817178DB45B002A6195 /* Project object */;
}
