// !$*UTF8*$!
{
	archiveVersion = 1;
	classes = {
	};
	objectVersion = 46;
	objects = {

/* Begin PBXBuildFile section */
		4AB838B4178DD428002A6195 /* UIKit.framework in Frameworks */ = {isa = PBXBuildFile; fileRef = 4AB838B3178DD428002A6195 /* UIKit.framework */; };
		4AB838B6178DD428002A6195 /* Foundation.framework in Frameworks */ = {isa = PBXBuildFile; fileRef = 4AB838B5178DD428002A6195 /* Foundation.framework */; };
		4AB838B8178DD428002A6195 /* CoreGraphics.framework in Frameworks */ = {isa = PBXBuildFile; fileRef = 4AB838B7178DD428002A6195 /* CoreGraphics.framework */; };
		4AB838BE178DD428002A6195 /* InfoPlist.strings in Resources */ = {isa = PBXBuildFile; fileRef = 4AB838BC178DD428002A6195 /* InfoPlist.strings */; };
		4AB838C0178DD428002A6195 /* main.m in Sources */ = {isa = PBXBuildFile; fileRef = 4AB838BF178DD428002A6195 /* main.m */; };
		4AB838C4178DD428002A6195 /* AppDelegate.m in Sources */ = {isa = PBXBuildFile; fileRef = 4AB838C3178DD428002A6195 /* AppDelegate.m */; };
		4AB838C6178DD428002A6195 /* Default.png in Resources */ = {isa = PBXBuildFile; fileRef = 4AB838C5178DD428002A6195 /* Default.png */; };
		4AB838C8178DD428002A6195 /* Default@2x.png in Resources */ = {isa = PBXBuildFile; fileRef = 4AB838C7178DD428002A6195 /* Default@2x.png */; };
		4AB838CA178DD428002A6195 /* Default-568h@2x.png in Resources */ = {isa = PBXBuildFile; fileRef = 4AB838C9178DD428002A6195 /* Default-568h@2x.png */; };
		4AB838CD178DD428002A6195 /* ViewController.m in Sources */ = {isa = PBXBuildFile; fileRef = 4AB838CC178DD428002A6195 /* ViewController.m */; };
		4AB838D0178DD428002A6195 /* ViewController.xib in Resources */ = {isa = PBXBuildFile; fileRef = 4AB838CE178DD428002A6195 /* ViewController.xib */; };
/* End PBXBuildFile section */

/* Begin PBXFileReference section */
		4AB838B0178DD428002A6195 /* IBFun3.app */ = {isa = PBXFileReference; explicitFileType = wrapper.application; includeInIndex = 0; path = IBFun3.app; sourceTree = BUILT_PRODUCTS_DIR; };
		4AB838B3178DD428002A6195 /* UIKit.framework */ = {isa = PBXFileReference; lastKnownFileType = wrapper.framework; name = UIKit.framework; path = System/Library/Frameworks/UIKit.framework; sourceTree = SDKROOT; };
		4AB838B5178DD428002A6195 /* Foundation.framework */ = {isa = PBXFileReference; lastKnownFileType = wrapper.framework; name = Foundation.framework; path = System/Library/Frameworks/Foundation.framework; sourceTree = SDKROOT; };
		4AB838B7178DD428002A6195 /* CoreGraphics.framework */ = {isa = PBXFileReference; lastKnownFileType = wrapper.framework; name = CoreGraphics.framework; path = System/Library/Frameworks/CoreGraphics.framework; sourceTree = SDKROOT; };
		4AB838BB178DD428002A6195 /* IBFun3-Info.plist */ = {isa = PBXFileReference; lastKnownFileType = text.plist.xml; path = "IBFun3-Info.plist"; sourceTree = "<group>"; };
		4AB838BD178DD428002A6195 /* en */ = {isa = PBXFileReference; lastKnownFileType = text.plist.strings; name = en; path = en.lproj/InfoPlist.strings; sourceTree = "<group>"; };
		4AB838BF178DD428002A6195 /* main.m */ = {isa = PBXFileReference; lastKnownFileType = sourcecode.c.objc; path = main.m; sourceTree = "<group>"; };
		4AB838C1178DD428002A6195 /* IBFun3-Prefix.pch */ = {isa = PBXFileReference; lastKnownFileType = sourcecode.c.h; path = "IBFun3-Prefix.pch"; sourceTree = "<group>"; };
		4AB838C2178DD428002A6195 /* AppDelegate.h */ = {isa = PBXFileReference; lastKnownFileType = sourcecode.c.h; path = AppDelegate.h; sourceTree = "<group>"; };
		4AB838C3178DD428002A6195 /* AppDelegate.m */ = {isa = PBXFileReference; lastKnownFileType = sourcecode.c.objc; path = AppDelegate.m; sourceTree = "<group>"; };
		4AB838C5178DD428002A6195 /* Default.png */ = {isa = PBXFileReference; lastKnownFileType = image.png; path = Default.png; sourceTree = "<group>"; };
		4AB838C7178DD428002A6195 /* Default@2x.png */ = {isa = PBXFileReference; lastKnownFileType = image.png; path = "Default@2x.png"; sourceTree = "<group>"; };
		4AB838C9178DD428002A6195 /* Default-568h@2x.png */ = {isa = PBXFileReference; lastKnownFileType = image.png; path = "Default-568h@2x.png"; sourceTree = "<group>"; };
		4AB838CB178DD428002A6195 /* ViewController.h */ = {isa = PBXFileReference; lastKnownFileType = sourcecode.c.h; path = ViewController.h; sourceTree = "<group>"; };
		4AB838CC178DD428002A6195 /* ViewController.m */ = {isa = PBXFileReference; lastKnownFileType = sourcecode.c.objc; path = ViewController.m; sourceTree = "<group>"; };
		4AB838CF178DD428002A6195 /* en */ = {isa = PBXFileReference; lastKnownFileType = file.xib; name = en; path = en.lproj/ViewController.xib; sourceTree = "<group>"; };
/* End PBXFileReference section */

/* Begin PBXFrameworksBuildPhase section */
		4AB838AD178DD428002A6195 /* Frameworks */ = {
			isa = PBXFrameworksBuildPhase;
			buildActionMask = 2147483647;
			files = (
				4AB838B4178DD428002A6195 /* UIKit.framework in Frameworks */,
				4AB838B6178DD428002A6195 /* Foundation.framework in Frameworks */,
				4AB838B8178DD428002A6195 /* CoreGraphics.framework in Frameworks */,
			);
			runOnlyForDeploymentPostprocessing = 0;
		};
/* End PBXFrameworksBuildPhase section */

/* Begin PBXGroup section */
		4AB838A7178DD428002A6195 = {
			isa = PBXGroup;
			children = (
				4AB838B9178DD428002A6195 /* IBFun3 */,
				4AB838B2178DD428002A6195 /* Frameworks */,
				4AB838B1178DD428002A6195 /* Products */,
			);
			sourceTree = "<group>";
		};
		4AB838B1178DD428002A6195 /* Products */ = {
			isa = PBXGroup;
			children = (
				4AB838B0178DD428002A6195 /* IBFun3.app */,
			);
			name = Products;
			sourceTree = "<group>";
		};
		4AB838B2178DD428002A6195 /* Frameworks */ = {
			isa = PBXGroup;
			children = (
				4AB838B3178DD428002A6195 /* UIKit.framework */,
				4AB838B5178DD428002A6195 /* Foundation.framework */,
				4AB838B7178DD428002A6195 /* CoreGraphics.framework */,
			);
			name = Frameworks;
			sourceTree = "<group>";
		};
		4AB838B9178DD428002A6195 /* IBFun3 */ = {
			isa = PBXGroup;
			children = (
				4AB838C2178DD428002A6195 /* AppDelegate.h */,
				4AB838C3178DD428002A6195 /* AppDelegate.m */,
				4AB838CB178DD428002A6195 /* ViewController.h */,
				4AB838CC178DD428002A6195 /* ViewController.m */,
				4AB838CE178DD428002A6195 /* ViewController.xib */,
				4AB838BA178DD428002A6195 /* Supporting Files */,
			);
			path = IBFun3;
			sourceTree = "<group>";
		};
		4AB838BA178DD428002A6195 /* Supporting Files */ = {
			isa = PBXGroup;
			children = (
				4AB838BB178DD428002A6195 /* IBFun3-Info.plist */,
				4AB838BC178DD428002A6195 /* InfoPlist.strings */,
				4AB838BF178DD428002A6195 /* main.m */,
				4AB838C1178DD428002A6195 /* IBFun3-Prefix.pch */,
				4AB838C5178DD428002A6195 /* Default.png */,
				4AB838C7178DD428002A6195 /* Default@2x.png */,
				4AB838C9178DD428002A6195 /* Default-568h@2x.png */,
			);
			name = "Supporting Files";
			sourceTree = "<group>";
		};
/* End PBXGroup section */

/* Begin PBXNativeTarget section */
		4AB838AF178DD428002A6195 /* IBFun3 */ = {
			isa = PBXNativeTarget;
			buildConfigurationList = 4AB838D3178DD428002A6195 /* Build configuration list for PBXNativeTarget "IBFun3" */;
			buildPhases = (
				4AB838AC178DD428002A6195 /* Sources */,
				4AB838AD178DD428002A6195 /* Frameworks */,
				4AB838AE178DD428002A6195 /* Resources */,
			);
			buildRules = (
			);
			dependencies = (
			);
			name = IBFun3;
			productName = IBFun3;
			productReference = 4AB838B0178DD428002A6195 /* IBFun3.app */;
			productType = "com.apple.product-type.application";
		};
/* End PBXNativeTarget section */

/* Begin PBXProject section */
		4AB838A8178DD428002A6195 /* Project object */ = {
			isa = PBXProject;
			attributes = {
				LastUpgradeCheck = 0460;
				ORGANIZATIONNAME = "Brad Woodard";
			};
			buildConfigurationList = 4AB838AB178DD428002A6195 /* Build configuration list for PBXProject "IBFun3" */;
			compatibilityVersion = "Xcode 3.2";
			developmentRegion = English;
			hasScannedForEncodings = 0;
			knownRegions = (
				en,
			);
			mainGroup = 4AB838A7178DD428002A6195;
			productRefGroup = 4AB838B1178DD428002A6195 /* Products */;
			projectDirPath = "";
			projectRoot = "";
			targets = (
				4AB838AF178DD428002A6195 /* IBFun3 */,
			);
		};
/* End PBXProject section */

/* Begin PBXResourcesBuildPhase section */
		4AB838AE178DD428002A6195 /* Resources */ = {
			isa = PBXResourcesBuildPhase;
			buildActionMask = 2147483647;
			files = (
				4AB838BE178DD428002A6195 /* InfoPlist.strings in Resources */,
				4AB838C6178DD428002A6195 /* Default.png in Resources */,
				4AB838C8178DD428002A6195 /* Default@2x.png in Resources */,
				4AB838CA178DD428002A6195 /* Default-568h@2x.png in Resources */,
				4AB838D0178DD428002A6195 /* ViewController.xib in Resources */,
			);
			runOnlyForDeploymentPostprocessing = 0;
		};
/* End PBXResourcesBuildPhase section */

/* Begin PBXSourcesBuildPhase section */
		4AB838AC178DD428002A6195 /* Sources */ = {
			isa = PBXSourcesBuildPhase;
			buildActionMask = 2147483647;
			files = (
				4AB838C0178DD428002A6195 /* main.m in Sources */,
				4AB838C4178DD428002A6195 /* AppDelegate.m in Sources */,
				4AB838CD178DD428002A6195 /* ViewController.m in Sources */,
			);
			runOnlyForDeploymentPostprocessing = 0;
		};
/* End PBXSourcesBuildPhase section */

/* Begin PBXVariantGroup section */
		4AB838BC178DD428002A6195 /* InfoPlist.strings */ = {
			isa = PBXVariantGroup;
			children = (
				4AB838BD178DD428002A6195 /* en */,
			);
			name = InfoPlist.strings;
			sourceTree = "<group>";
		};
		4AB838CE178DD428002A6195 /* ViewController.xib */ = {
			isa = PBXVariantGroup;
			children = (
				4AB838CF178DD428002A6195 /* en */,
			);
			name = ViewController.xib;
			sourceTree = "<group>";
		};
/* End PBXVariantGroup section */

/* Begin XCBuildConfiguration section */
		4AB838D1178DD428002A6195 /* Debug */ = {
			isa = XCBuildConfiguration;
			buildSettings = {
				ALWAYS_SEARCH_USER_PATHS = NO;
				CLANG_CXX_LANGUAGE_STANDARD = "gnu++0x";
				CLANG_CXX_LIBRARY = "libc++";
				CLANG_ENABLE_OBJC_ARC = YES;
				CLANG_WARN_CONSTANT_CONVERSION = YES;
				CLANG_WARN_EMPTY_BODY = YES;
				CLANG_WARN_ENUM_CONVERSION = YES;
				CLANG_WARN_INT_CONVERSION = YES;
				CLANG_WARN__DUPLICATE_METHOD_MATCH = YES;
				"CODE_SIGN_IDENTITY[sdk=iphoneos*]" = "iPhone Developer";
				COPY_PHASE_STRIP = NO;
				GCC_C_LANGUAGE_STANDARD = gnu99;
				GCC_DYNAMIC_NO_PIC = NO;
				GCC_OPTIMIZATION_LEVEL = 0;
				GCC_PREPROCESSOR_DEFINITIONS = (
					"DEBUG=1",
					"$(inherited)",
				);
				GCC_SYMBOLS_PRIVATE_EXTERN = NO;
				GCC_WARN_ABOUT_RETURN_TYPE = YES;
				GCC_WARN_UNINITIALIZED_AUTOS = YES;
				GCC_WARN_UNUSED_VARIABLE = YES;
				IPHONEOS_DEPLOYMENT_TARGET = 6.1;
				ONLY_ACTIVE_ARCH = YES;
				SDKROOT = iphoneos;
			};
			name = Debug;
		};
		4AB838D2178DD428002A6195 /* Release */ = {
			isa = XCBuildConfiguration;
			buildSettings = {
				ALWAYS_SEARCH_USER_PATHS = NO;
				CLANG_CXX_LANGUAGE_STANDARD = "gnu++0x";
				CLANG_CXX_LIBRARY = "libc++";
				CLANG_ENABLE_OBJC_ARC = YES;
				CLANG_WARN_CONSTANT_CONVERSION = YES;
				CLANG_WARN_EMPTY_BODY = YES;
				CLANG_WARN_ENUM_CONVERSION = YES;
				CLANG_WARN_INT_CONVERSION = YES;
				CLANG_WARN__DUPLICATE_METHOD_MATCH = YES;
				"CODE_SIGN_IDENTITY[sdk=iphoneos*]" = "iPhone Developer";
				COPY_PHASE_STRIP = YES;
				GCC_C_LANGUAGE_STANDARD = gnu99;
				GCC_WARN_ABOUT_RETURN_TYPE = YES;
				GCC_WARN_UNINITIALIZED_AUTOS = YES;
				GCC_WARN_UNUSED_VARIABLE = YES;
				IPHONEOS_DEPLOYMENT_TARGET = 6.1;
				OTHER_CFLAGS = "-DNS_BLOCK_ASSERTIONS=1";
				SDKROOT = iphoneos;
				VALIDATE_PRODUCT = YES;
			};
			name = Release;
		};
		4AB838D4178DD428002A6195 /* Debug */ = {
			isa = XCBuildConfiguration;
			buildSettings = {
				GCC_PRECOMPILE_PREFIX_HEADER = YES;
				GCC_PREFIX_HEADER = "IBFun3/IBFun3-Prefix.pch";
				INFOPLIST_FILE = "IBFun3/IBFun3-Info.plist";
				PRODUCT_NAME = "$(TARGET_NAME)";
				WRAPPER_EXTENSION = app;
			};
			name = Debug;
		};
		4AB838D5178DD428002A6195 /* Release */ = {
			isa = XCBuildConfiguration;
			buildSettings = {
				GCC_PRECOMPILE_PREFIX_HEADER = YES;
				GCC_PREFIX_HEADER = "IBFun3/IBFun3-Prefix.pch";
				INFOPLIST_FILE = "IBFun3/IBFun3-Info.plist";
				PRODUCT_NAME = "$(TARGET_NAME)";
				WRAPPER_EXTENSION = app;
			};
			name = Release;
		};
/* End XCBuildConfiguration section */

/* Begin XCConfigurationList section */
		4AB838AB178DD428002A6195 /* Build configuration list for PBXProject "IBFun3" */ = {
			isa = XCConfigurationList;
			buildConfigurations = (
				4AB838D1178DD428002A6195 /* Debug */,
				4AB838D2178DD428002A6195 /* Release */,
			);
			defaultConfigurationIsVisible = 0;
			defaultConfigurationName = Release;
		};
		4AB838D3178DD428002A6195 /* Build configuration list for PBXNativeTarget "IBFun3" */ = {
			isa = XCConfigurationList;
			buildConfigurations = (
				4AB838D4178DD428002A6195 /* Debug */,
				4AB838D5178DD428002A6195 /* Release */,
			);
			defaultConfigurationIsVisible = 0;
		};
/* End XCConfigurationList section */
	};
	rootObject = 4AB838A8178DD428002A6195 /* Project object */;
}
