// !$*UTF8*$!
{
	archiveVersion = 1;
	classes = {
	};
	objectVersion = 46;
	objects = {

/* Begin PBXBuildFile section */
		4A19BA4F17983C4700BC29B1 /* UIKit.framework in Frameworks */ = {isa = PBXBuildFile; fileRef = 4A19BA4E17983C4700BC29B1 /* UIKit.framework */; };
		4A19BA5117983C4700BC29B1 /* Foundation.framework in Frameworks */ = {isa = PBXBuildFile; fileRef = 4A19BA5017983C4700BC29B1 /* Foundation.framework */; };
		4A19BA5317983C4700BC29B1 /* CoreGraphics.framework in Frameworks */ = {isa = PBXBuildFile; fileRef = 4A19BA5217983C4700BC29B1 /* CoreGraphics.framework */; };
		4A19BA5917983C4700BC29B1 /* InfoPlist.strings in Resources */ = {isa = PBXBuildFile; fileRef = 4A19BA5717983C4700BC29B1 /* InfoPlist.strings */; };
		4A19BA5B17983C4700BC29B1 /* main.m in Sources */ = {isa = PBXBuildFile; fileRef = 4A19BA5A17983C4700BC29B1 /* main.m */; };
		4A19BA5F17983C4700BC29B1 /* AppDelegate.m in Sources */ = {isa = PBXBuildFile; fileRef = 4A19BA5E17983C4700BC29B1 /* AppDelegate.m */; };
		4A19BA6117983C4700BC29B1 /* Default.png in Resources */ = {isa = PBXBuildFile; fileRef = 4A19BA6017983C4700BC29B1 /* Default.png */; };
		4A19BA6317983C4700BC29B1 /* Default@2x.png in Resources */ = {isa = PBXBuildFile; fileRef = 4A19BA6217983C4700BC29B1 /* Default@2x.png */; };
		4A19BA6517983C4700BC29B1 /* Default-568h@2x.png in Resources */ = {isa = PBXBuildFile; fileRef = 4A19BA6417983C4700BC29B1 /* Default-568h@2x.png */; };
		4A19BA6817983C4700BC29B1 /* ViewController.m in Sources */ = {isa = PBXBuildFile; fileRef = 4A19BA6717983C4700BC29B1 /* ViewController.m */; };
		4A19BA6B17983C4700BC29B1 /* ViewController.xib in Resources */ = {isa = PBXBuildFile; fileRef = 4A19BA6917983C4700BC29B1 /* ViewController.xib */; };
/* End PBXBuildFile section */

/* Begin PBXFileReference section */
		4A19BA4B17983C4700BC29B1 /* MemoryManagement.app */ = {isa = PBXFileReference; explicitFileType = wrapper.application; includeInIndex = 0; path = MemoryManagement.app; sourceTree = BUILT_PRODUCTS_DIR; };
		4A19BA4E17983C4700BC29B1 /* UIKit.framework */ = {isa = PBXFileReference; lastKnownFileType = wrapper.framework; name = UIKit.framework; path = System/Library/Frameworks/UIKit.framework; sourceTree = SDKROOT; };
		4A19BA5017983C4700BC29B1 /* Foundation.framework */ = {isa = PBXFileReference; lastKnownFileType = wrapper.framework; name = Foundation.framework; path = System/Library/Frameworks/Foundation.framework; sourceTree = SDKROOT; };
		4A19BA5217983C4700BC29B1 /* CoreGraphics.framework */ = {isa = PBXFileReference; lastKnownFileType = wrapper.framework; name = CoreGraphics.framework; path = System/Library/Frameworks/CoreGraphics.framework; sourceTree = SDKROOT; };
		4A19BA5617983C4700BC29B1 /* MemoryManagement-Info.plist */ = {isa = PBXFileReference; lastKnownFileType = text.plist.xml; path = "MemoryManagement-Info.plist"; sourceTree = "<group>"; };
		4A19BA5817983C4700BC29B1 /* en */ = {isa = PBXFileReference; lastKnownFileType = text.plist.strings; name = en; path = en.lproj/InfoPlist.strings; sourceTree = "<group>"; };
		4A19BA5A17983C4700BC29B1 /* main.m */ = {isa = PBXFileReference; lastKnownFileType = sourcecode.c.objc; path = main.m; sourceTree = "<group>"; };
		4A19BA5C17983C4700BC29B1 /* MemoryManagement-Prefix.pch */ = {isa = PBXFileReference; lastKnownFileType = sourcecode.c.h; path = "MemoryManagement-Prefix.pch"; sourceTree = "<group>"; };
		4A19BA5D17983C4700BC29B1 /* AppDelegate.h */ = {isa = PBXFileReference; lastKnownFileType = sourcecode.c.h; path = AppDelegate.h; sourceTree = "<group>"; };
		4A19BA5E17983C4700BC29B1 /* AppDelegate.m */ = {isa = PBXFileReference; lastKnownFileType = sourcecode.c.objc; path = AppDelegate.m; sourceTree = "<group>"; };
		4A19BA6017983C4700BC29B1 /* Default.png */ = {isa = PBXFileReference; lastKnownFileType = image.png; path = Default.png; sourceTree = "<group>"; };
		4A19BA6217983C4700BC29B1 /* Default@2x.png */ = {isa = PBXFileReference; lastKnownFileType = image.png; path = "Default@2x.png"; sourceTree = "<group>"; };
		4A19BA6417983C4700BC29B1 /* Default-568h@2x.png */ = {isa = PBXFileReference; lastKnownFileType = image.png; path = "Default-568h@2x.png"; sourceTree = "<group>"; };
		4A19BA6617983C4700BC29B1 /* ViewController.h */ = {isa = PBXFileReference; lastKnownFileType = sourcecode.c.h; path = ViewController.h; sourceTree = "<group>"; };
		4A19BA6717983C4700BC29B1 /* ViewController.m */ = {isa = PBXFileReference; lastKnownFileType = sourcecode.c.objc; path = ViewController.m; sourceTree = "<group>"; };
		4A19BA6A17983C4700BC29B1 /* en */ = {isa = PBXFileReference; lastKnownFileType = file.xib; name = en; path = en.lproj/ViewController.xib; sourceTree = "<group>"; };
/* End PBXFileReference section */

/* Begin PBXFrameworksBuildPhase section */
		4A19BA4817983C4700BC29B1 /* Frameworks */ = {
			isa = PBXFrameworksBuildPhase;
			buildActionMask = 2147483647;
			files = (
				4A19BA4F17983C4700BC29B1 /* UIKit.framework in Frameworks */,
				4A19BA5117983C4700BC29B1 /* Foundation.framework in Frameworks */,
				4A19BA5317983C4700BC29B1 /* CoreGraphics.framework in Frameworks */,
			);
			runOnlyForDeploymentPostprocessing = 0;
		};
/* End PBXFrameworksBuildPhase section */

/* Begin PBXGroup section */
		4A19BA4217983C4700BC29B1 = {
			isa = PBXGroup;
			children = (
				4A19BA5417983C4700BC29B1 /* MemoryManagement */,
				4A19BA4D17983C4700BC29B1 /* Frameworks */,
				4A19BA4C17983C4700BC29B1 /* Products */,
			);
			sourceTree = "<group>";
		};
		4A19BA4C17983C4700BC29B1 /* Products */ = {
			isa = PBXGroup;
			children = (
				4A19BA4B17983C4700BC29B1 /* MemoryManagement.app */,
			);
			name = Products;
			sourceTree = "<group>";
		};
		4A19BA4D17983C4700BC29B1 /* Frameworks */ = {
			isa = PBXGroup;
			children = (
				4A19BA4E17983C4700BC29B1 /* UIKit.framework */,
				4A19BA5017983C4700BC29B1 /* Foundation.framework */,
				4A19BA5217983C4700BC29B1 /* CoreGraphics.framework */,
			);
			name = Frameworks;
			sourceTree = "<group>";
		};
		4A19BA5417983C4700BC29B1 /* MemoryManagement */ = {
			isa = PBXGroup;
			children = (
				4A19BA5D17983C4700BC29B1 /* AppDelegate.h */,
				4A19BA5E17983C4700BC29B1 /* AppDelegate.m */,
				4A19BA6617983C4700BC29B1 /* ViewController.h */,
				4A19BA6717983C4700BC29B1 /* ViewController.m */,
				4A19BA6917983C4700BC29B1 /* ViewController.xib */,
				4A19BA5517983C4700BC29B1 /* Supporting Files */,
			);
			path = MemoryManagement;
			sourceTree = "<group>";
		};
		4A19BA5517983C4700BC29B1 /* Supporting Files */ = {
			isa = PBXGroup;
			children = (
				4A19BA5617983C4700BC29B1 /* MemoryManagement-Info.plist */,
				4A19BA5717983C4700BC29B1 /* InfoPlist.strings */,
				4A19BA5A17983C4700BC29B1 /* main.m */,
				4A19BA5C17983C4700BC29B1 /* MemoryManagement-Prefix.pch */,
				4A19BA6017983C4700BC29B1 /* Default.png */,
				4A19BA6217983C4700BC29B1 /* Default@2x.png */,
				4A19BA6417983C4700BC29B1 /* Default-568h@2x.png */,
			);
			name = "Supporting Files";
			sourceTree = "<group>";
		};
/* End PBXGroup section */

/* Begin PBXNativeTarget section */
		4A19BA4A17983C4700BC29B1 /* MemoryManagement */ = {
			isa = PBXNativeTarget;
			buildConfigurationList = 4A19BA6E17983C4700BC29B1 /* Build configuration list for PBXNativeTarget "MemoryManagement" */;
			buildPhases = (
				4A19BA4717983C4700BC29B1 /* Sources */,
				4A19BA4817983C4700BC29B1 /* Frameworks */,
				4A19BA4917983C4700BC29B1 /* Resources */,
			);
			buildRules = (
			);
			dependencies = (
			);
			name = MemoryManagement;
			productName = MemoryManagement;
			productReference = 4A19BA4B17983C4700BC29B1 /* MemoryManagement.app */;
			productType = "com.apple.product-type.application";
		};
/* End PBXNativeTarget section */

/* Begin PBXProject section */
		4A19BA4317983C4700BC29B1 /* Project object */ = {
			isa = PBXProject;
			attributes = {
				LastUpgradeCheck = 0460;
				ORGANIZATIONNAME = "Brad Woodard";
			};
			buildConfigurationList = 4A19BA4617983C4700BC29B1 /* Build configuration list for PBXProject "MemoryManagement" */;
			compatibilityVersion = "Xcode 3.2";
			developmentRegion = English;
			hasScannedForEncodings = 0;
			knownRegions = (
				en,
			);
			mainGroup = 4A19BA4217983C4700BC29B1;
			productRefGroup = 4A19BA4C17983C4700BC29B1 /* Products */;
			projectDirPath = "";
			projectRoot = "";
			targets = (
				4A19BA4A17983C4700BC29B1 /* MemoryManagement */,
			);
		};
/* End PBXProject section */

/* Begin PBXResourcesBuildPhase section */
		4A19BA4917983C4700BC29B1 /* Resources */ = {
			isa = PBXResourcesBuildPhase;
			buildActionMask = 2147483647;
			files = (
				4A19BA5917983C4700BC29B1 /* InfoPlist.strings in Resources */,
				4A19BA6117983C4700BC29B1 /* Default.png in Resources */,
				4A19BA6317983C4700BC29B1 /* Default@2x.png in Resources */,
				4A19BA6517983C4700BC29B1 /* Default-568h@2x.png in Resources */,
				4A19BA6B17983C4700BC29B1 /* ViewController.xib in Resources */,
			);
			runOnlyForDeploymentPostprocessing = 0;
		};
/* End PBXResourcesBuildPhase section */

/* Begin PBXSourcesBuildPhase section */
		4A19BA4717983C4700BC29B1 /* Sources */ = {
			isa = PBXSourcesBuildPhase;
			buildActionMask = 2147483647;
			files = (
				4A19BA5B17983C4700BC29B1 /* main.m in Sources */,
				4A19BA5F17983C4700BC29B1 /* AppDelegate.m in Sources */,
				4A19BA6817983C4700BC29B1 /* ViewController.m in Sources */,
			);
			runOnlyForDeploymentPostprocessing = 0;
		};
/* End PBXSourcesBuildPhase section */

/* Begin PBXVariantGroup section */
		4A19BA5717983C4700BC29B1 /* InfoPlist.strings */ = {
			isa = PBXVariantGroup;
			children = (
				4A19BA5817983C4700BC29B1 /* en */,
			);
			name = InfoPlist.strings;
			sourceTree = "<group>";
		};
		4A19BA6917983C4700BC29B1 /* ViewController.xib */ = {
			isa = PBXVariantGroup;
			children = (
				4A19BA6A17983C4700BC29B1 /* en */,
			);
			name = ViewController.xib;
			sourceTree = "<group>";
		};
/* End PBXVariantGroup section */

/* Begin XCBuildConfiguration section */
		4A19BA6C17983C4700BC29B1 /* Debug */ = {
			isa = XCBuildConfiguration;
			buildSettings = {
				ALWAYS_SEARCH_USER_PATHS = NO;
				CLANG_CXX_LANGUAGE_STANDARD = "gnu++0x";
				CLANG_CXX_LIBRARY = "libc++";
				CLANG_WARN_CONSTANT_CONVERSION = YES;
				CLANG_WARN_EMPTY_BODY = YES;
				CLANG_WARN_ENUM_CONVERSION = YES;
				CLANG_WARN_INT_CONVERSION = YES;
				CLANG_WARN__DUPLICATE_METHOD_MATCH = YES;
				"CODE_SIGN_IDENTITY[sdk=iphoneos*]" = "iPhone Developer";
				COPY_PHASE_STRIP = NO;
				GCC_C_LANGUAGE_STANDARD = gnu99;
				GCC_DYNAMIC_NO_PIC = NO;
				GCC_OPTIMIZATION_LEVEL = 0;
				GCC_PREPROCESSOR_DEFINITIONS = (
					"DEBUG=1",
					"$(inherited)",
				);
				GCC_SYMBOLS_PRIVATE_EXTERN = NO;
				GCC_WARN_ABOUT_RETURN_TYPE = YES;
				GCC_WARN_UNINITIALIZED_AUTOS = YES;
				GCC_WARN_UNUSED_VARIABLE = YES;
				IPHONEOS_DEPLOYMENT_TARGET = 6.1;
				ONLY_ACTIVE_ARCH = YES;
				SDKROOT = iphoneos;
			};
			name = Debug;
		};
		4A19BA6D17983C4700BC29B1 /* Release */ = {
			isa = XCBuildConfiguration;
			buildSettings = {
				ALWAYS_SEARCH_USER_PATHS = NO;
				CLANG_CXX_LANGUAGE_STANDARD = "gnu++0x";
				CLANG_CXX_LIBRARY = "libc++";
				CLANG_WARN_CONSTANT_CONVERSION = YES;
				CLANG_WARN_EMPTY_BODY = YES;
				CLANG_WARN_ENUM_CONVERSION = YES;
				CLANG_WARN_INT_CONVERSION = YES;
				CLANG_WARN__DUPLICATE_METHOD_MATCH = YES;
				"CODE_SIGN_IDENTITY[sdk=iphoneos*]" = "iPhone Developer";
				COPY_PHASE_STRIP = YES;
				GCC_C_LANGUAGE_STANDARD = gnu99;
				GCC_WARN_ABOUT_RETURN_TYPE = YES;
				GCC_WARN_UNINITIALIZED_AUTOS = YES;
				GCC_WARN_UNUSED_VARIABLE = YES;
				IPHONEOS_DEPLOYMENT_TARGET = 6.1;
				OTHER_CFLAGS = "-DNS_BLOCK_ASSERTIONS=1";
				SDKROOT = iphoneos;
				VALIDATE_PRODUCT = YES;
			};
			name = Release;
		};
		4A19BA6F17983C4700BC29B1 /* Debug */ = {
			isa = XCBuildConfiguration;
			buildSettings = {
				GCC_PRECOMPILE_PREFIX_HEADER = YES;
				GCC_PREFIX_HEADER = "MemoryManagement/MemoryManagement-Prefix.pch";
				INFOPLIST_FILE = "MemoryManagement/MemoryManagement-Info.plist";
				PRODUCT_NAME = "$(TARGET_NAME)";
				WRAPPER_EXTENSION = app;
			};
			name = Debug;
		};
		4A19BA7017983C4700BC29B1 /* Release */ = {
			isa = XCBuildConfiguration;
			buildSettings = {
				GCC_PRECOMPILE_PREFIX_HEADER = YES;
				GCC_PREFIX_HEADER = "MemoryManagement/MemoryManagement-Prefix.pch";
				INFOPLIST_FILE = "MemoryManagement/MemoryManagement-Info.plist";
				PRODUCT_NAME = "$(TARGET_NAME)";
				WRAPPER_EXTENSION = app;
			};
			name = Release;
		};
/* End XCBuildConfiguration section */

/* Begin XCConfigurationList section */
		4A19BA4617983C4700BC29B1 /* Build configuration list for PBXProject "MemoryManagement" */ = {
			isa = XCConfigurationList;
			buildConfigurations = (
				4A19BA6C17983C4700BC29B1 /* Debug */,
				4A19BA6D17983C4700BC29B1 /* Release */,
			);
			defaultConfigurationIsVisible = 0;
			defaultConfigurationName = Release;
		};
		4A19BA6E17983C4700BC29B1 /* Build configuration list for PBXNativeTarget "MemoryManagement" */ = {
			isa = XCConfigurationList;
			buildConfigurations = (
				4A19BA6F17983C4700BC29B1 /* Debug */,
				4A19BA7017983C4700BC29B1 /* Release */,
			);
			defaultConfigurationIsVisible = 0;
		};
/* End XCConfigurationList section */
	};
	rootObject = 4A19BA4317983C4700BC29B1 /* Project object */;
}
